
Microsoft Visual Studio Solution File, Format Version 12.00
# Visual Studio Version 17
VisualStudioVersion = 17.0.32014.148
MinimumVisualStudioVersion = 10.0.40219.1
Project("{9A19103F-16F7-4668-BE54-9A1E7A4F7556}") = "TheSquid.Numerics.Extensions", "TheSquid.Numerics.Extensions\TheSquid.Numerics.Extensions.csproj", "{644676F2-2D55-442E-B6D9-0D63530B4771}"
EndProject
Project("{9A19103F-16F7-4668-BE54-9A1E7A4F7556}") = "TheSquid.Numerics.Extensions.Tests", "TheSquid.Numerics.Extensions.Tests\TheSquid.Numerics.Extensions.Tests.csproj", "{029BAC90-9D90-4B85-9FF2-5C1705B3CEDD}"
EndProject
Project("{2150E333-8FDC-42A3-9474-1A3956D46DE8}") = "Solution Items", "Solution Items", "{09F9A0B1-D112-4E3B-961D-853FF229D433}"
	ProjectSection(SolutionItems) = preProject
		.gitignore = .gitignore
		LICENSE = LICENSE
		logo.png = logo.png
		README.md = README.md
	EndProjectSection
EndProject
Global
	GlobalSection(SolutionConfigurationPlatforms) = preSolution
		Debug|Any CPU = Debug|Any CPU
		Release|Any CPU = Release|Any CPU
	EndGlobalSection
	GlobalSection(ProjectConfigurationPlatforms) = postSolution
		{644676F2-2D55-442E-B6D9-0D63530B4771}.Debug|Any CPU.ActiveCfg = Debug|Any CPU
		{644676F2-2D55-442E-B6D9-0D63530B4771}.Debug|Any CPU.Build.0 = Debug|Any CPU
		{644676F2-2D55-442E-B6D9-0D63530B4771}.Release|Any CPU.ActiveCfg = Release|Any CPU
		{644676F2-2D55-442E-B6D9-0D63530B4771}.Release|Any CPU.Build.0 = Release|Any CPU
		{029BAC90-9D90-4B85-9FF2-5C1705B3CEDD}.Debug|Any CPU.ActiveCfg = Debug|Any CPU
		{029BAC90-9D90-4B85-9FF2-5C1705B3CEDD}.Debug|Any CPU.Build.0 = Debug|Any CPU
		{029BAC90-9D90-4B85-9FF2-5C1705B3CEDD}.Release|Any CPU.ActiveCfg = Release|Any CPU
		{029BAC90-9D90-4B85-9FF2-5C1705B3CEDD}.Release|Any CPU.Build.0 = Release|Any CPU
	EndGlobalSection
	GlobalSection(SolutionProperties) = preSolution
		HideSolutionNode = FALSE
	EndGlobalSection
	GlobalSection(ExtensibilityGlobals) = postSolution
		SolutionGuid = {391DDDBA-CE8E-45CC-B4D7-167A8E5695AB}
	EndGlobalSection
EndGlobal
